// !$*UTF8*$!
{
	archiveVersion = 1;
	classes = {
	};
	objectVersion = 46;
	objects = {

/* Begin PBXAggregateTarget section */
		9304DCA716876D3700D5B8F5 /* Package GrowlMail */ = {
			isa = PBXAggregateTarget;
			buildConfigurationList = 9304DCA816876D3700D5B8F5 /* Build configuration list for PBXAggregateTarget "Package GrowlMail" */;
			buildPhases = (
				9304DCBC1687707100D5B8F5 /* Copy GrowlMail into the build root */,
				9304DCB91687701700D5B8F5 /* Copy the package scripts into the build root */,
				932D485E16877DDC00B8A913 /* Copy the image resources into the build root */,
				932D486016877E1000B8A913 /* Copy the localizations into the build root */,
				9304DCAF16876D6800D5B8F5 /* Copy the Packages project into the build root */,
				932D48571687744200B8A913 /* Update Project file */,
				9304DCAE16876D6100D5B8F5 /* Run Packaging */,
			);
			dependencies = (
				9304DCAD16876D5C00D5B8F5 /* PBXTargetDependency */,
			);
			name = "Package GrowlMail";
			productName = "Package GrowlMail";
		};
/* End PBXAggregateTarget section */

/* Begin PBXBuildFile section */
		31B94BEC1078255600A9EBC4 /* GrowlMail.icns in Resources */ = {isa = PBXBuildFile; fileRef = 31B94BEB1078255600A9EBC4 /* GrowlMail.icns */; };
		4B2E729606B5776B00386BF2 /* Message.framework in Frameworks */ = {isa = PBXBuildFile; fileRef = 4B2E729506B5776B00386BF2 /* Message.framework */; };
		8D5B49B4048680CD000E48DA /* Cocoa.framework in Frameworks */ = {isa = PBXBuildFile; fileRef = 1058C7ADFEA557BF11CA2CBB /* Cocoa.framework */; };
		9304DCB316876F8C00D5B8F5 /* GrowlMail.pkgproj in Copy the Packages project into the build root */ = {isa = PBXBuildFile; fileRef = 9304DCB116876F3D00D5B8F5 /* GrowlMail.pkgproj */; };
		932D485C16877BA300B8A913 /* postflight.sh in Copy the package scripts into the build root */ = {isa = PBXBuildFile; fileRef = 932D48581687767800B8A913 /* postflight.sh */; };
		932D485D16877BA500B8A913 /* preflight.sh in Copy the package scripts into the build root */ = {isa = PBXBuildFile; fileRef = 932D48591687767800B8A913 /* preflight.sh */; };
		932D485F16877E0800B8A913 /* GrowlMail.png in Copy the image resources into the build root */ = {isa = PBXBuildFile; fileRef = 9550E79F077A207E00436674 /* GrowlMail.png */; };
		934F4E6110284FD400B9DDC4 /* GrowlMailPreferences.m in Sources */ = {isa = PBXBuildFile; fileRef = 9553485E0732F93600D12875 /* GrowlMailPreferences.m */; };
		934F4E6210284FD400B9DDC4 /* GrowlMailPreferencesModule.m in Sources */ = {isa = PBXBuildFile; fileRef = 9553469D0732BD4800D12875 /* GrowlMailPreferencesModule.m */; };
		934F4E6310284FD400B9DDC4 /* Message+GrowlMail.m in Sources */ = {isa = PBXBuildFile; fileRef = 95BF5481072FB08000834811 /* Message+GrowlMail.m */; };
		934F4E6410284FD400B9DDC4 /* GrowlMail.m in Sources */ = {isa = PBXBuildFile; fileRef = 4B7E5EA306B6AC1700137892 /* GrowlMail.m */; };
		934F4E6510284FD400B9DDC4 /* GrowlMailNotifier.m in Sources */ = {isa = PBXBuildFile; fileRef = 31D72A860FB6DE5800C29D55 /* GrowlMailNotifier.m */; };
		939A74271627AD5F00AF72FB /* Localizable.strings in Resources */ = {isa = PBXBuildFile; fileRef = 939A74251627AD5F00AF72FB /* Localizable.strings */; };
		939A742A1627B0AC00AF72FB /* GrowlMailPreferencesPanel.xib in Resources */ = {isa = PBXBuildFile; fileRef = 939A74281627B0AC00AF72FB /* GrowlMailPreferencesPanel.xib */; };
		93D7D840144218B700BFCFB6 /* InfoPlist.strings in Resources */ = {isa = PBXBuildFile; fileRef = 93D7D83A144218B700BFCFB6 /* InfoPlist.strings */; };
		93D7D8441442237300BFCFB6 /* dsa_pub.pem in Resources */ = {isa = PBXBuildFile; fileRef = 93D7D8431442237300BFCFB6 /* dsa_pub.pem */; };
		93D7D845144227FB00BFCFB6 /* Sparkle.framework in Frameworks */ = {isa = PBXBuildFile; fileRef = 93E712AB13FF66630025D733 /* Sparkle.framework */; settings = {ATTRIBUTES = (Weak, ); }; };
		93D7D848144233C500BFCFB6 /* GMSparkleController.m in Sources */ = {isa = PBXBuildFile; fileRef = 93D7D847144233C500BFCFB6 /* GMSparkleController.m */; };
		93E712B613FF66950025D733 /* Sparkle.framework in CopyFiles */ = {isa = PBXBuildFile; fileRef = 93E712AB13FF66630025D733 /* Sparkle.framework */; };
		93E712B813FF674C0025D733 /* Growl.framework in Frameworks */ = {isa = PBXBuildFile; fileRef = 93E712B713FF674C0025D733 /* Growl.framework */; settings = {ATTRIBUTES = (Weak, ); }; };
		93E712B913FF67610025D733 /* Growl.framework in CopyFiles */ = {isa = PBXBuildFile; fileRef = 93E712B713FF674C0025D733 /* Growl.framework */; };
		953EE18E082CC7420040C586 /* AddressBook.framework in Frameworks */ = {isa = PBXBuildFile; fileRef = 953EE18D082CC7420040C586 /* AddressBook.framework */; };
/* End PBXBuildFile section */

/* Begin PBXContainerItemProxy section */
		9304DCAC16876D5C00D5B8F5 /* PBXContainerItemProxy */ = {
			isa = PBXContainerItemProxy;
			containerPortal = 089C1669FE841209C02AAC07 /* Project object */;
			proxyType = 1;
			remoteGlobalIDString = 8D5B49AC048680CD000E48DA;
			remoteInfo = GrowlMail;
		};
		93E712AA13FF66630025D733 /* PBXContainerItemProxy */ = {
			isa = PBXContainerItemProxy;
			containerPortal = 93E7129C13FF66620025D733 /* Sparkle.xcodeproj */;
			proxyType = 2;
			remoteGlobalIDString = 8DC2EF5B0486A6940098B216;
			remoteInfo = Sparkle;
		};
		93E712AC13FF66630025D733 /* PBXContainerItemProxy */ = {
			isa = PBXContainerItemProxy;
			containerPortal = 93E7129C13FF66620025D733 /* Sparkle.xcodeproj */;
			proxyType = 2;
			remoteGlobalIDString = 61B5F90209C4CEE200B25A18;
			remoteInfo = "Sparkle Test App";
		};
		93E712B013FF66630025D733 /* PBXContainerItemProxy */ = {
			isa = PBXContainerItemProxy;
			containerPortal = 93E7129C13FF66620025D733 /* Sparkle.xcodeproj */;
			proxyType = 2;
			remoteGlobalIDString = 612279D90DB5470200AB99EA;
			remoteInfo = "Sparkle Unit Tests";
		};
		93E712B213FF66630025D733 /* PBXContainerItemProxy */ = {
			isa = PBXContainerItemProxy;
			containerPortal = 93E7129C13FF66620025D733 /* Sparkle.xcodeproj */;
			proxyType = 2;
			remoteGlobalIDString = 5D06E8D00FD68C7C005AE3F6;
			remoteInfo = BinaryDelta;
		};
		93E712B413FF66770025D733 /* PBXContainerItemProxy */ = {
			isa = PBXContainerItemProxy;
			containerPortal = 93E7129C13FF66620025D733 /* Sparkle.xcodeproj */;
			proxyType = 1;
			remoteGlobalIDString = 8DC2EF4F0486A6940098B216;
			remoteInfo = Sparkle;
		};
		93F216CB15D4B34200343EB1 /* PBXContainerItemProxy */ = {
			isa = PBXContainerItemProxy;
			containerPortal = 93E7129C13FF66620025D733 /* Sparkle.xcodeproj */;
			proxyType = 2;
			remoteGlobalIDString = 55C14BB7136EEF1500649790;
			remoteInfo = finish_installation;
		};
/* End PBXContainerItemProxy section */

/* Begin PBXCopyFilesBuildPhase section */
		07944BBB07C3C540002D0BAF /* CopyFiles */ = {
			isa = PBXCopyFilesBuildPhase;
			buildActionMask = 2147483647;
			dstPath = "";
			dstSubfolderSpec = 10;
			files = (
				93E712B613FF66950025D733 /* Sparkle.framework in CopyFiles */,
				93E712B913FF67610025D733 /* Growl.framework in CopyFiles */,
			);
			runOnlyForDeploymentPostprocessing = 0;
		};
		9304DCAF16876D6800D5B8F5 /* Copy the Packages project into the build root */ = {
			isa = PBXCopyFilesBuildPhase;
			buildActionMask = 2147483647;
			dstPath = installer;
			dstSubfolderSpec = 16;
			files = (
				9304DCB316876F8C00D5B8F5 /* GrowlMail.pkgproj in Copy the Packages project into the build root */,
			);
			name = "Copy the Packages project into the build root";
			runOnlyForDeploymentPostprocessing = 0;
		};
		9304DCB91687701700D5B8F5 /* Copy the package scripts into the build root */ = {
			isa = PBXCopyFilesBuildPhase;
			buildActionMask = 2147483647;
			dstPath = installer/components/scripts;
			dstSubfolderSpec = 16;
			files = (
				932D485C16877BA300B8A913 /* postflight.sh in Copy the package scripts into the build root */,
				932D485D16877BA500B8A913 /* preflight.sh in Copy the package scripts into the build root */,
			);
			name = "Copy the package scripts into the build root";
			runOnlyForDeploymentPostprocessing = 0;
		};
		932D485E16877DDC00B8A913 /* Copy the image resources into the build root */ = {
			isa = PBXCopyFilesBuildPhase;
			buildActionMask = 2147483647;
			dstPath = installer/components;
			dstSubfolderSpec = 16;
			files = (
				932D485F16877E0800B8A913 /* GrowlMail.png in Copy the image resources into the build root */,
			);
			name = "Copy the image resources into the build root";
			runOnlyForDeploymentPostprocessing = 0;
		};
/* End PBXCopyFilesBuildPhase section */

/* Begin PBXFileReference section */
		089C1672FE841209C02AAC07 /* Foundation.framework */ = {isa = PBXFileReference; lastKnownFileType = wrapper.framework; name = Foundation.framework; path = /System/Library/Frameworks/Foundation.framework; sourceTree = "<absolute>"; };
		089C167FFE841241C02AAC07 /* AppKit.framework */ = {isa = PBXFileReference; lastKnownFileType = wrapper.framework; name = AppKit.framework; path = /System/Library/Frameworks/AppKit.framework; sourceTree = "<absolute>"; };
		1058C7ADFEA557BF11CA2CBB /* Cocoa.framework */ = {isa = PBXFileReference; lastKnownFileType = wrapper.framework; name = Cocoa.framework; path = /System/Library/Frameworks/Cocoa.framework; sourceTree = "<absolute>"; };
		31B94BEB1078255600A9EBC4 /* GrowlMail.icns */ = {isa = PBXFileReference; lastKnownFileType = image.icns; name = GrowlMail.icns; path = resources/GrowlMail.icns; sourceTree = "<group>"; };
		31D72A850FB6DE5800C29D55 /* GrowlMailNotifier.h */ = {isa = PBXFileReference; fileEncoding = 4; lastKnownFileType = sourcecode.c.h; name = GrowlMailNotifier.h; path = source/GrowlMailNotifier.h; sourceTree = "<group>"; };
		31D72A860FB6DE5800C29D55 /* GrowlMailNotifier.m */ = {isa = PBXFileReference; fileEncoding = 4; lastKnownFileType = sourcecode.c.objc; name = GrowlMailNotifier.m; path = source/GrowlMailNotifier.m; sourceTree = "<group>"; };
		4B2E729506B5776B00386BF2 /* Message.framework */ = {isa = PBXFileReference; lastKnownFileType = wrapper.framework; name = Message.framework; path = /System/Library/Frameworks/Message.framework; sourceTree = "<absolute>"; };
		4B7E5EA206B6AC1700137892 /* GrowlMail.h */ = {isa = PBXFileReference; fileEncoding = 4; lastKnownFileType = sourcecode.c.h; name = GrowlMail.h; path = source/GrowlMail.h; sourceTree = "<group>"; };
		4B7E5EA306B6AC1700137892 /* GrowlMail.m */ = {isa = PBXFileReference; fileEncoding = 4; lastKnownFileType = sourcecode.c.objc; name = GrowlMail.m; path = source/GrowlMail.m; sourceTree = "<group>"; };
		4BF8974D06B6A7EF00C30E88 /* MailHeaders.h */ = {isa = PBXFileReference; fileEncoding = 4; lastKnownFileType = sourcecode.c.h; name = MailHeaders.h; path = source/MailHeaders.h; sourceTree = "<group>"; };
		8D5B49B6048680CD000E48DA /* GrowlMail.mailbundle */ = {isa = PBXFileReference; explicitFileType = wrapper.cfbundle; includeInIndex = 0; path = GrowlMail.mailbundle; sourceTree = BUILT_PRODUCTS_DIR; };
		8D5B49B7048680CD000E48DA /* Info.plist */ = {isa = PBXFileReference; fileEncoding = 4; lastKnownFileType = text.plist.xml; name = Info.plist; path = resources/Info.plist; sourceTree = "<group>"; };
		9304DCB116876F3D00D5B8F5 /* GrowlMail.pkgproj */ = {isa = PBXFileReference; lastKnownFileType = text.xml; name = GrowlMail.pkgproj; path = product/GrowlMail.pkgproj; sourceTree = "<group>"; };
		932D48581687767800B8A913 /* postflight.sh */ = {isa = PBXFileReference; lastKnownFileType = text.script.sh; name = postflight.sh; path = product/components/scripts/postflight.sh; sourceTree = "<group>"; };
		932D48591687767800B8A913 /* preflight.sh */ = {isa = PBXFileReference; lastKnownFileType = text.script.sh; name = preflight.sh; path = product/components/scripts/preflight.sh; sourceTree = "<group>"; };
		93947E7F13C8D00900E29642 /* GrowlMail_Prefix.pch */ = {isa = PBXFileReference; fileEncoding = 4; lastKnownFileType = sourcecode.c.h; name = GrowlMail_Prefix.pch; path = source/GrowlMail_Prefix.pch; sourceTree = "<group>"; };
		93947E8313C8D04900E29642 /* Release.xcconfig */ = {isa = PBXFileReference; fileEncoding = 4; lastKnownFileType = text.xcconfig; name = Release.xcconfig; path = xcconfig/Release.xcconfig; sourceTree = "<group>"; };
		93947E8413C8D04900E29642 /* Localization.xcconfig */ = {isa = PBXFileReference; fileEncoding = 4; lastKnownFileType = text.xcconfig; name = Localization.xcconfig; path = xcconfig/Localization.xcconfig; sourceTree = "<group>"; };
		93947E8513C8D04900E29642 /* Debug.xcconfig */ = {isa = PBXFileReference; fileEncoding = 4; lastKnownFileType = text.xcconfig; name = Debug.xcconfig; path = xcconfig/Debug.xcconfig; sourceTree = "<group>"; };
		93947E8613C8D04900E29642 /* Common.xcconfig */ = {isa = PBXFileReference; fileEncoding = 4; lastKnownFileType = text.xcconfig; name = Common.xcconfig; path = xcconfig/Common.xcconfig; sourceTree = SOURCE_ROOT; };
		939A74261627AD5F00AF72FB /* en */ = {isa = PBXFileReference; fileEncoding = 10; lastKnownFileType = text.plist.strings; name = en; path = resources/en.lproj/Localizable.strings; sourceTree = "<group>"; };
		939A74291627B0AC00AF72FB /* en */ = {isa = PBXFileReference; lastKnownFileType = file.xib; name = en; path = resources/en.lproj/GrowlMailPreferencesPanel.xib; sourceTree = "<group>"; };
		93D7D83B144218B700BFCFB6 /* en */ = {isa = PBXFileReference; fileEncoding = 10; lastKnownFileType = text.plist.strings; name = en; path = resources/en.lproj/InfoPlist.strings; sourceTree = "<group>"; };
		93D7D8431442237300BFCFB6 /* dsa_pub.pem */ = {isa = PBXFileReference; fileEncoding = 4; lastKnownFileType = text; path = dsa_pub.pem; sourceTree = "<group>"; };
		93D7D846144233C500BFCFB6 /* GMSparkleController.h */ = {isa = PBXFileReference; fileEncoding = 4; lastKnownFileType = sourcecode.c.h; name = GMSparkleController.h; path = source/GMSparkleController.h; sourceTree = "<group>"; };
		93D7D847144233C500BFCFB6 /* GMSparkleController.m */ = {isa = PBXFileReference; fileEncoding = 4; lastKnownFileType = sourcecode.c.objc; name = GMSparkleController.m; path = source/GMSparkleController.m; sourceTree = "<group>"; };
		93E7129C13FF66620025D733 /* Sparkle.xcodeproj */ = {isa = PBXFileReference; lastKnownFileType = "wrapper.pb-project"; name = Sparkle.xcodeproj; path = externals/Sparkle/Sparkle.xcodeproj; sourceTree = "<group>"; };
		93E712B713FF674C0025D733 /* Growl.framework */ = {isa = PBXFileReference; lastKnownFileType = wrapper.framework; name = Growl.framework; path = externals/Growl/Release/Growl.framework; sourceTree = "<group>"; };
		953EE18D082CC7420040C586 /* AddressBook.framework */ = {isa = PBXFileReference; lastKnownFileType = wrapper.framework; name = AddressBook.framework; path = /System/Library/Frameworks/AddressBook.framework; sourceTree = "<absolute>"; };
		9550E79F077A207E00436674 /* GrowlMail.png */ = {isa = PBXFileReference; lastKnownFileType = image.png; name = GrowlMail.png; path = resources/GrowlMail.png; sourceTree = "<group>"; };
		9553469C0732BD4800D12875 /* GrowlMailPreferencesModule.h */ = {isa = PBXFileReference; fileEncoding = 4; lastKnownFileType = sourcecode.c.h; name = GrowlMailPreferencesModule.h; path = source/GrowlMailPreferencesModule.h; sourceTree = "<group>"; };
		9553469D0732BD4800D12875 /* GrowlMailPreferencesModule.m */ = {isa = PBXFileReference; fileEncoding = 4; lastKnownFileType = sourcecode.c.objc; name = GrowlMailPreferencesModule.m; path = source/GrowlMailPreferencesModule.m; sourceTree = "<group>"; };
		955347DE0732BFE200D12875 /* NSPreferencesModule.h */ = {isa = PBXFileReference; fileEncoding = 30; lastKnownFileType = sourcecode.c.h; name = NSPreferencesModule.h; path = source/NSPreferencesModule.h; sourceTree = "<group>"; };
		9553485D0732F93600D12875 /* GrowlMailPreferences.h */ = {isa = PBXFileReference; fileEncoding = 4; lastKnownFileType = sourcecode.c.h; name = GrowlMailPreferences.h; path = source/GrowlMailPreferences.h; sourceTree = "<group>"; };
		9553485E0732F93600D12875 /* GrowlMailPreferences.m */ = {isa = PBXFileReference; fileEncoding = 4; lastKnownFileType = sourcecode.c.objc; name = GrowlMailPreferences.m; path = source/GrowlMailPreferences.m; sourceTree = "<group>"; };
		955348660732FA2500D12875 /* NSPreferences.h */ = {isa = PBXFileReference; fileEncoding = 4; lastKnownFileType = sourcecode.c.h; name = NSPreferences.h; path = source/NSPreferences.h; sourceTree = "<group>"; };
		95BF5480072FB08000834811 /* Message+GrowlMail.h */ = {isa = PBXFileReference; fileEncoding = 4; lastKnownFileType = sourcecode.c.h; name = "Message+GrowlMail.h"; path = "source/Message+GrowlMail.h"; sourceTree = "<group>"; };
		95BF5481072FB08000834811 /* Message+GrowlMail.m */ = {isa = PBXFileReference; fileEncoding = 4; lastKnownFileType = sourcecode.c.objc; name = "Message+GrowlMail.m"; path = "source/Message+GrowlMail.m"; sourceTree = "<group>"; };
/* End PBXFileReference section */

/* Begin PBXFrameworksBuildPhase section */
		8D5B49B3048680CD000E48DA /* Frameworks */ = {
			isa = PBXFrameworksBuildPhase;
			buildActionMask = 2147483647;
			files = (
				8D5B49B4048680CD000E48DA /* Cocoa.framework in Frameworks */,
				4B2E729606B5776B00386BF2 /* Message.framework in Frameworks */,
				953EE18E082CC7420040C586 /* AddressBook.framework in Frameworks */,
				93E712B813FF674C0025D733 /* Growl.framework in Frameworks */,
				93D7D845144227FB00BFCFB6 /* Sparkle.framework in Frameworks */,
			);
			runOnlyForDeploymentPostprocessing = 0;
		};
/* End PBXFrameworksBuildPhase section */

/* Begin PBXGroup section */
		089C166AFE841209C02AAC07 /* MailGrowl */ = {
			isa = PBXGroup;
			children = (
				93947E8213C8D03A00E29642 /* xcconfigs */,
				93E7129A13FF66560025D733 /* externals */,
				9304DCB016876DB300D5B8F5 /* packaging */,
				08FB77AFFE84173DC02AAC07 /* Classes */,
				089C167CFE841241C02AAC07 /* Resources */,
				089C1671FE841209C02AAC07 /* Frameworks and Libraries */,
				19C28FB8FE9D52D311CA2CBB /* Products */,
			);
			name = MailGrowl;
			sourceTree = "<group>";
		};
		089C1671FE841209C02AAC07 /* Frameworks and Libraries */ = {
			isa = PBXGroup;
			children = (
				1058C7ACFEA557BF11CA2CBB /* Linked Frameworks */,
				1058C7AEFEA557BF11CA2CBB /* Other Frameworks */,
			);
			name = "Frameworks and Libraries";
			sourceTree = "<group>";
		};
		089C167CFE841241C02AAC07 /* Resources */ = {
			isa = PBXGroup;
			children = (
				93D7D8431442237300BFCFB6 /* dsa_pub.pem */,
				939A74281627B0AC00AF72FB /* GrowlMailPreferencesPanel.xib */,
				31B94BEB1078255600A9EBC4 /* GrowlMail.icns */,
				93D7D83A144218B700BFCFB6 /* InfoPlist.strings */,
				939A74251627AD5F00AF72FB /* Localizable.strings */,
				8D5B49B7048680CD000E48DA /* Info.plist */,
			);
			name = Resources;
			sourceTree = "<group>";
		};
		08FB77AFFE84173DC02AAC07 /* Classes */ = {
			isa = PBXGroup;
			children = (
				955347E10732BFEF00D12875 /* PrivateHeaders */,
				93947E9B13C8D27800E29642 /* Core */,
				93947E9A13C8D26A00E29642 /* Swizzle */,
				93947E9913C8D25C00E29642 /* Preferences */,
				93947E7F13C8D00900E29642 /* GrowlMail_Prefix.pch */,
			);
			name = Classes;
			sourceTree = "<group>";
		};
		1058C7ACFEA557BF11CA2CBB /* Linked Frameworks */ = {
			isa = PBXGroup;
			children = (
				953EE18D082CC7420040C586 /* AddressBook.framework */,
				4B2E729506B5776B00386BF2 /* Message.framework */,
				1058C7ADFEA557BF11CA2CBB /* Cocoa.framework */,
			);
			name = "Linked Frameworks";
			sourceTree = "<group>";
		};
		1058C7AEFEA557BF11CA2CBB /* Other Frameworks */ = {
			isa = PBXGroup;
			children = (
				089C1672FE841209C02AAC07 /* Foundation.framework */,
				089C167FFE841241C02AAC07 /* AppKit.framework */,
			);
			name = "Other Frameworks";
			sourceTree = "<group>";
		};
		19C28FB8FE9D52D311CA2CBB /* Products */ = {
			isa = PBXGroup;
			children = (
				8D5B49B6048680CD000E48DA /* GrowlMail.mailbundle */,
			);
			name = Products;
			sourceTree = "<group>";
		};
		9304DCB016876DB300D5B8F5 /* packaging */ = {
			isa = PBXGroup;
			children = (
				932D485A16877B6500B8A913 /* resources */,
				9304DCB616876FF400D5B8F5 /* scripts */,
				9304DCB116876F3D00D5B8F5 /* GrowlMail.pkgproj */,
			);
			name = packaging;
			sourceTree = "<group>";
		};
		9304DCB616876FF400D5B8F5 /* scripts */ = {
			isa = PBXGroup;
			children = (
				932D48581687767800B8A913 /* postflight.sh */,
				932D48591687767800B8A913 /* preflight.sh */,
			);
			name = scripts;
			sourceTree = "<group>";
		};
		932D485A16877B6500B8A913 /* resources */ = {
			isa = PBXGroup;
			children = (
				9550E79F077A207E00436674 /* GrowlMail.png */,
			);
			name = resources;
			sourceTree = "<group>";
		};
		93947E8213C8D03A00E29642 /* xcconfigs */ = {
			isa = PBXGroup;
			children = (
				93947E8313C8D04900E29642 /* Release.xcconfig */,
				93947E8413C8D04900E29642 /* Localization.xcconfig */,
				93947E8513C8D04900E29642 /* Debug.xcconfig */,
				93947E8613C8D04900E29642 /* Common.xcconfig */,
			);
			name = xcconfigs;
			sourceTree = "<group>";
		};
		93947E9913C8D25C00E29642 /* Preferences */ = {
			isa = PBXGroup;
			children = (
				9553485D0732F93600D12875 /* GrowlMailPreferences.h */,
				9553485E0732F93600D12875 /* GrowlMailPreferences.m */,
				9553469C0732BD4800D12875 /* GrowlMailPreferencesModule.h */,
				9553469D0732BD4800D12875 /* GrowlMailPreferencesModule.m */,
			);
			name = Preferences;
			sourceTree = "<group>";
		};
		93947E9A13C8D26A00E29642 /* Swizzle */ = {
			isa = PBXGroup;
			children = (
				95BF5480072FB08000834811 /* Message+GrowlMail.h */,
				95BF5481072FB08000834811 /* Message+GrowlMail.m */,
			);
			name = Swizzle;
			sourceTree = "<group>";
		};
		93947E9B13C8D27800E29642 /* Core */ = {
			isa = PBXGroup;
			children = (
				4B7E5EA206B6AC1700137892 /* GrowlMail.h */,
				4B7E5EA306B6AC1700137892 /* GrowlMail.m */,
				31D72A850FB6DE5800C29D55 /* GrowlMailNotifier.h */,
				31D72A860FB6DE5800C29D55 /* GrowlMailNotifier.m */,
				93D7D846144233C500BFCFB6 /* GMSparkleController.h */,
				93D7D847144233C500BFCFB6 /* GMSparkleController.m */,
			);
			name = Core;
			sourceTree = "<group>";
		};
		93E7129A13FF66560025D733 /* externals */ = {
			isa = PBXGroup;
			children = (
				93E712B713FF674C0025D733 /* Growl.framework */,
				93E7129C13FF66620025D733 /* Sparkle.xcodeproj */,
			);
			name = externals;
			sourceTree = "<group>";
		};
		93E7129D13FF66620025D733 /* Products */ = {
			isa = PBXGroup;
			children = (
				93E712AB13FF66630025D733 /* Sparkle.framework */,
				93E712AD13FF66630025D733 /* Sparkle Test App.app */,
				93E712B113FF66630025D733 /* Sparkle Unit Tests.octest */,
				93E712B313FF66630025D733 /* BinaryDelta */,
				93F216CC15D4B34200343EB1 /* finish_installation.app */,
			);
			name = Products;
			sourceTree = "<group>";
		};
		955347E10732BFEF00D12875 /* PrivateHeaders */ = {
			isa = PBXGroup;
			children = (
				955348660732FA2500D12875 /* NSPreferences.h */,
				4BF8974D06B6A7EF00C30E88 /* MailHeaders.h */,
				955347DE0732BFE200D12875 /* NSPreferencesModule.h */,
			);
			name = PrivateHeaders;
			sourceTree = "<group>";
		};
/* End PBXGroup section */

/* Begin PBXNativeTarget section */
		8D5B49AC048680CD000E48DA /* GrowlMail */ = {
			isa = PBXNativeTarget;
			buildConfigurationList = 95E4A35E0855C16F006B3F45 /* Build configuration list for PBXNativeTarget "GrowlMail" */;
			buildPhases = (
				8D5B49AF048680CD000E48DA /* Resources */,
				07944BBB07C3C540002D0BAF /* CopyFiles */,
				8D5B49B1048680CD000E48DA /* Sources */,
				8D5B49B3048680CD000E48DA /* Frameworks */,
				935AC2DB1024C1C700BFD7F2 /* ShellScript */,
				310EE298107661310070CD78 /* Set Bundle Bit */,
				310BAD8D1078272800741E3D /* Set Custom Icon */,
				939A743B1627B69000AF72FB /* install */,
			);
			buildRules = (
			);
			dependencies = (
				93E712B513FF66770025D733 /* PBXTargetDependency */,
			);
			name = GrowlMail;
			productInstallPath = "$(HOME)/Library/Bundles";
			productName = MailGrowl;
			productReference = 8D5B49B6048680CD000E48DA /* GrowlMail.mailbundle */;
			productType = "com.apple.product-type.bundle";
		};
/* End PBXNativeTarget section */

/* Begin PBXProject section */
		089C1669FE841209C02AAC07 /* Project object */ = {
			isa = PBXProject;
			attributes = {
				CLASSPREFIX = GM;
				LastUpgradeCheck = 0450;
				ORGANIZATIONNAME = "Rudy Richter";
			};
			buildConfigurationList = 95E4A3630855C16F006B3F45 /* Build configuration list for PBXProject "GrowlMail" */;
			compatibilityVersion = "Xcode 3.2";
			developmentRegion = English;
			hasScannedForEncodings = 1;
			knownRegions = (
				English,
				ja,
				fr,
				de,
				zh_CN,
				nl,
				sv,
				nl,
				pt_BR,
				ru,
				en,
			);
			mainGroup = 089C166AFE841209C02AAC07 /* MailGrowl */;
			projectDirPath = "";
			projectReferences = (
				{
					ProductGroup = 93E7129D13FF66620025D733 /* Products */;
					ProjectRef = 93E7129C13FF66620025D733 /* Sparkle.xcodeproj */;
				},
			);
			projectRoot = "";
			targets = (
				8D5B49AC048680CD000E48DA /* GrowlMail */,
				9304DCA716876D3700D5B8F5 /* Package GrowlMail */,
			);
		};
/* End PBXProject section */

/* Begin PBXReferenceProxy section */
		93E712AB13FF66630025D733 /* Sparkle.framework */ = {
			isa = PBXReferenceProxy;
			fileType = wrapper.framework;
			path = Sparkle.framework;
			remoteRef = 93E712AA13FF66630025D733 /* PBXContainerItemProxy */;
			sourceTree = BUILT_PRODUCTS_DIR;
		};
		93E712AD13FF66630025D733 /* Sparkle Test App.app */ = {
			isa = PBXReferenceProxy;
			fileType = wrapper.application;
			path = "Sparkle Test App.app";
			remoteRef = 93E712AC13FF66630025D733 /* PBXContainerItemProxy */;
			sourceTree = BUILT_PRODUCTS_DIR;
		};
		93E712B113FF66630025D733 /* Sparkle Unit Tests.octest */ = {
			isa = PBXReferenceProxy;
			fileType = wrapper.cfbundle;
			path = "Sparkle Unit Tests.octest";
			remoteRef = 93E712B013FF66630025D733 /* PBXContainerItemProxy */;
			sourceTree = BUILT_PRODUCTS_DIR;
		};
		93E712B313FF66630025D733 /* BinaryDelta */ = {
			isa = PBXReferenceProxy;
			fileType = "compiled.mach-o.executable";
			path = BinaryDelta;
			remoteRef = 93E712B213FF66630025D733 /* PBXContainerItemProxy */;
			sourceTree = BUILT_PRODUCTS_DIR;
		};
		93F216CC15D4B34200343EB1 /* finish_installation.app */ = {
			isa = PBXReferenceProxy;
			fileType = wrapper.application;
			path = finish_installation.app;
			remoteRef = 93F216CB15D4B34200343EB1 /* PBXContainerItemProxy */;
			sourceTree = BUILT_PRODUCTS_DIR;
		};
/* End PBXReferenceProxy section */

/* Begin PBXResourcesBuildPhase section */
		8D5B49AF048680CD000E48DA /* Resources */ = {
			isa = PBXResourcesBuildPhase;
			buildActionMask = 2147483647;
			files = (
				31B94BEC1078255600A9EBC4 /* GrowlMail.icns in Resources */,
				93D7D840144218B700BFCFB6 /* InfoPlist.strings in Resources */,
				93D7D8441442237300BFCFB6 /* dsa_pub.pem in Resources */,
				939A74271627AD5F00AF72FB /* Localizable.strings in Resources */,
				939A742A1627B0AC00AF72FB /* GrowlMailPreferencesPanel.xib in Resources */,
			);
			runOnlyForDeploymentPostprocessing = 0;
		};
/* End PBXResourcesBuildPhase section */

/* Begin PBXShellScriptBuildPhase section */
		310BAD8D1078272800741E3D /* Set Custom Icon */ = {
			isa = PBXShellScriptBuildPhase;
			buildActionMask = 2147483647;
			files = (
			);
			inputPaths = (
				"$(BUILT_PRODUCTS_DIR)/$(UNLOCALIZED_RESOURCES_FOLDER_PATH)/GrowlMail.icns",
			);
			name = "Set Custom Icon";
			outputPaths = (
				"$(BUILT_PRODUCTS_DIR)/$(WRAPPER_NAME)/Icon",
			);
			runOnlyForDeploymentPostprocessing = 0;
			shellPath = /bin/sh;
			shellScript = "if [[ -d \"${DERIVED_FILE_DIR}\" ]]; then\n\ttrue\nelse\n\tmkdir \"${DERIVED_FILE_DIR}\"\nfi\nrez_file=\"${DERIVED_FILE_DIR}/GrowlMail.icns.r\"\nicon_file=\"${BUILT_PRODUCTS_DIR}/${WRAPPER_NAME}/Icon\"$'\\r'\n\necho \"Data 'icns' (-16455) {\" > \"$rez_file\"\nxxd -plain -c35 < \"${BUILT_PRODUCTS_DIR}/${UNLOCALIZED_RESOURCES_FOLDER_PATH}/GrowlMail.icns\" | sed 's/.*/$\"&\"/' >> \"$rez_file\"\necho \"};\" >> \"$rez_file\"\n\nRez -useDF \"$rez_file\" -o \"$icon_file\"\nSetFile -a V \"$icon_file\"\nSetFile -a C \"${BUILT_PRODUCTS_DIR}/${WRAPPER_NAME}\"";
			showEnvVarsInLog = 0;
		};
		310EE298107661310070CD78 /* Set Bundle Bit */ = {
			isa = PBXShellScriptBuildPhase;
			buildActionMask = 2147483647;
			files = (
			);
			inputPaths = (
				"$(BUILT_PRODUCTS_DIR)/$(WRAPPER_NAME)",
			);
			name = "Set Bundle Bit";
			outputPaths = (
			);
			runOnlyForDeploymentPostprocessing = 0;
			shellPath = /bin/sh;
			shellScript = "SetFile -a B \"${BUILT_PRODUCTS_DIR}/${WRAPPER_NAME}\"";
			showEnvVarsInLog = 0;
		};
		9304DCAE16876D6100D5B8F5 /* Run Packaging */ = {
			isa = PBXShellScriptBuildPhase;
			buildActionMask = 2147483647;
			files = (
			);
			inputPaths = (
			);
			name = "Run Packaging";
			outputPaths = (
				"$(DERIVED_FILE_DIR)/installer/build/GrowlMail.pkg",
			);
			runOnlyForDeploymentPostprocessing = 0;
			shellPath = /bin/sh;
			shellScript = "/usr/local/bin/packagesbuild $BUILT_PRODUCTS_DIR/installer/GrowlMail.pkgproj\nopen $BUILT_PRODUCTS_DIR/installer/build";
			showEnvVarsInLog = 0;
		};
		9304DCBC1687707100D5B8F5 /* Copy GrowlMail into the build root */ = {
			isa = PBXShellScriptBuildPhase;
			buildActionMask = 2147483647;
			files = (
			);
			inputPaths = (
			);
			name = "Copy GrowlMail into the build root";
			outputPaths = (
				"$(DERIVED_FILE_DIR)/installer/stage/GrowlMail.mailbundle",
			);
			runOnlyForDeploymentPostprocessing = 0;
			shellPath = /bin/sh;
			shellScript = "mkdir -p $BUILT_PRODUCTS_DIR/installer/\n/usr/bin/ditto -v --rsrc $BUILT_PRODUCTS_DIR/$BR_FULL_PRODUCT_NAME $BUILT_PRODUCTS_DIR/installer/stage/$BR_FULL_PRODUCT_NAME";
			showEnvVarsInLog = 0;
		};
		932D48571687744200B8A913 /* Update Project file */ = {
			isa = PBXShellScriptBuildPhase;
			buildActionMask = 2147483647;
			files = (
			);
			inputPaths = (
			);
			name = "Update Project file";
			outputPaths = (
			);
			runOnlyForDeploymentPostprocessing = 0;
			shellPath = /bin/sh;
			shellScript = "/usr/local/bin/packagesutil --file $BUILT_PRODUCTS_DIR/installer/GrowlMail.pkgproj set package-1 version $BR_BUNDLE_VERSION";
			showEnvVarsInLog = 0;
		};
		932D486016877E1000B8A913 /* Copy the localizations into the build root */ = {
			isa = PBXShellScriptBuildPhase;
			buildActionMask = 2147483647;
			files = (
			);
			inputPaths = (
			);
			name = "Copy the localizations into the build root";
			outputPaths = (
			);
			runOnlyForDeploymentPostprocessing = 0;
			shellPath = /bin/sh;
			shellScript = "cp -R $SRCROOT/product/components/*.lproj $BUILT_PRODUCTS_DIR/installer/components";
			showEnvVarsInLog = 0;
		};
		935AC2DB1024C1C700BFD7F2 /* ShellScript */ = {
			isa = PBXShellScriptBuildPhase;
			buildActionMask = 2147483647;
			files = (
			);
			inputPaths = (
			);
			outputPaths = (
			);
			runOnlyForDeploymentPostprocessing = 0;
			shellPath = /bin/sh;
			shellScript = "ruby $SRCROOT/scripts/process-install-name.rb $BUILT_PRODUCTS_DIR/$FULL_PRODUCT_NAME\nruby $SRCROOT/scripts/prune-languages.rb $BUILT_PRODUCTS_DIR/$FULL_PRODUCT_NAME --valid-languages en\nruby $SRCROOT/scripts/prune-headers.rb $BUILT_PRODUCTS_DIR/$FULL_PRODUCT_NAME";
			showEnvVarsInLog = 0;
		};
		939A743B1627B69000AF72FB /* install */ = {
			isa = PBXShellScriptBuildPhase;
			buildActionMask = 2147483647;
			files = (
			);
			inputPaths = (
			);
			name = install;
			outputPaths = (
			);
			runOnlyForDeploymentPostprocessing = 0;
			shellPath = /bin/sh;
			shellScript = "echo ${CONFIGURATION}\nif [ ${CONFIGURATION} == \"Debug\" ]; then\nrm -rf ${INSTALL_PATH}/${FULL_PRODUCT_NAME}\nditto ${BUILT_PRODUCTS_DIR}/${FULL_PRODUCT_NAME} ${INSTALL_PATH}/${FULL_PRODUCT_NAME}\nfi";
			showEnvVarsInLog = 0;
		};
/* End PBXShellScriptBuildPhase section */

/* Begin PBXSourcesBuildPhase section */
		8D5B49B1048680CD000E48DA /* Sources */ = {
			isa = PBXSourcesBuildPhase;
			buildActionMask = 2147483647;
			files = (
				934F4E6110284FD400B9DDC4 /* GrowlMailPreferences.m in Sources */,
				934F4E6210284FD400B9DDC4 /* GrowlMailPreferencesModule.m in Sources */,
				934F4E6310284FD400B9DDC4 /* Message+GrowlMail.m in Sources */,
				934F4E6410284FD400B9DDC4 /* GrowlMail.m in Sources */,
				934F4E6510284FD400B9DDC4 /* GrowlMailNotifier.m in Sources */,
				93D7D848144233C500BFCFB6 /* GMSparkleController.m in Sources */,
			);
			runOnlyForDeploymentPostprocessing = 0;
		};
/* End PBXSourcesBuildPhase section */

/* Begin PBXTargetDependency section */
		9304DCAD16876D5C00D5B8F5 /* PBXTargetDependency */ = {
			isa = PBXTargetDependency;
			target = 8D5B49AC048680CD000E48DA /* GrowlMail */;
			targetProxy = 9304DCAC16876D5C00D5B8F5 /* PBXContainerItemProxy */;
		};
		93E712B513FF66770025D733 /* PBXTargetDependency */ = {
			isa = PBXTargetDependency;
			name = Sparkle;
			targetProxy = 93E712B413FF66770025D733 /* PBXContainerItemProxy */;
		};
/* End PBXTargetDependency section */

/* Begin PBXVariantGroup section */
		939A74251627AD5F00AF72FB /* Localizable.strings */ = {
			isa = PBXVariantGroup;
			children = (
				939A74261627AD5F00AF72FB /* en */,
			);
			name = Localizable.strings;
			sourceTree = "<group>";
		};
		939A74281627B0AC00AF72FB /* GrowlMailPreferencesPanel.xib */ = {
			isa = PBXVariantGroup;
			children = (
				939A74291627B0AC00AF72FB /* en */,
			);
			name = GrowlMailPreferencesPanel.xib;
			sourceTree = "<group>";
		};
		93D7D83A144218B700BFCFB6 /* InfoPlist.strings */ = {
			isa = PBXVariantGroup;
			children = (
				93D7D83B144218B700BFCFB6 /* en */,
			);
			name = InfoPlist.strings;
			sourceTree = "<group>";
		};
/* End PBXVariantGroup section */

/* Begin XCBuildConfiguration section */
		315C887B1068F96700880530 /* Localization */ = {
			isa = XCBuildConfiguration;
			buildSettings = {
			};
			name = Localization;
		};
		315C887C1068F96700880530 /* Localization */ = {
			isa = XCBuildConfiguration;
			baseConfigurationReference = 93947E8413C8D04900E29642 /* Localization.xcconfig */;
			buildSettings = {
				COMBINE_HIDPI_IMAGES = YES;
			};
			name = Localization;
		};
		9304DCA916876D3700D5B8F5 /* Debug */ = {
			isa = XCBuildConfiguration;
			baseConfigurationReference = 93947E8513C8D04900E29642 /* Debug.xcconfig */;
			buildSettings = {
				PRODUCT_NAME = "$(TARGET_NAME)";
			};
			name = Debug;
		};
		9304DCAA16876D3700D5B8F5 /* Localization */ = {
			isa = XCBuildConfiguration;
			baseConfigurationReference = 93947E8413C8D04900E29642 /* Localization.xcconfig */;
			buildSettings = {
				PRODUCT_NAME = "$(TARGET_NAME)";
			};
			name = Localization;
		};
		9304DCAB16876D3700D5B8F5 /* Release */ = {
			isa = XCBuildConfiguration;
			baseConfigurationReference = 93947E8313C8D04900E29642 /* Release.xcconfig */;
			buildSettings = {
				PRODUCT_NAME = "$(TARGET_NAME)";
			};
			name = Release;
		};
		95E4A35F0855C16F006B3F45 /* Debug */ = {
			isa = XCBuildConfiguration;
			baseConfigurationReference = 93947E8513C8D04900E29642 /* Debug.xcconfig */;
			buildSettings = {
				COMBINE_HIDPI_IMAGES = YES;
			};
			name = Debug;
		};
		95E4A3600855C16F006B3F45 /* Release */ = {
			isa = XCBuildConfiguration;
			baseConfigurationReference = 93947E8313C8D04900E29642 /* Release.xcconfig */;
			buildSettings = {
				COMBINE_HIDPI_IMAGES = YES;
			};
			name = Release;
		};
		95E4A3640855C16F006B3F45 /* Debug */ = {
			isa = XCBuildConfiguration;
			buildSettings = {
			};
			name = Debug;
		};
		95E4A3650855C16F006B3F45 /* Release */ = {
			isa = XCBuildConfiguration;
			buildSettings = {
			};
			name = Release;
		};
/* End XCBuildConfiguration section */

/* Begin XCConfigurationList section */
		9304DCA816876D3700D5B8F5 /* Build configuration list for PBXAggregateTarget "Package GrowlMail" */ = {
			isa = XCConfigurationList;
			buildConfigurations = (
				9304DCA916876D3700D5B8F5 /* Debug */,
				9304DCAA16876D3700D5B8F5 /* Localization */,
				9304DCAB16876D3700D5B8F5 /* Release */,
			);
			defaultConfigurationIsVisible = 0;
			defaultConfigurationName = Debug;
		};
		95E4A35E0855C16F006B3F45 /* Build configuration list for PBXNativeTarget "GrowlMail" */ = {
			isa = XCConfigurationList;
			buildConfigurations = (
				95E4A35F0855C16F006B3F45 /* Debug */,
				315C887C1068F96700880530 /* Localization */,
				95E4A3600855C16F006B3F45 /* Release */,
			);
			defaultConfigurationIsVisible = 0;
			defaultConfigurationName = Debug;
		};
		95E4A3630855C16F006B3F45 /* Build configuration list for PBXProject "GrowlMail" */ = {
			isa = XCConfigurationList;
			buildConfigurations = (
				95E4A3640855C16F006B3F45 /* Debug */,
				315C887B1068F96700880530 /* Localization */,
				95E4A3650855C16F006B3F45 /* Release */,
			);
			defaultConfigurationIsVisible = 0;
			defaultConfigurationName = Debug;
		};
/* End XCConfigurationList section */
	};
	rootObject = 089C1669FE841209C02AAC07 /* Project object */;
}
