// !$*UTF8*$!
{
	archiveVersion = 1;
	classes = {
	};
	objectVersion = 46;
	objects = {

/* Begin PBXBuildFile section */
		31B94BEC1078255600A9EBC4 /* GrowlMail.icns in Resources */ = {isa = PBXBuildFile; fileRef = 31B94BEB1078255600A9EBC4 /* GrowlMail.icns */; };
		4B2E729606B5776B00386BF2 /* Message.framework in Frameworks */ = {isa = PBXBuildFile; fileRef = 4B2E729506B5776B00386BF2 /* Message.framework */; };
		8D5B49B0048680CD000E48DA /* InfoPlist.strings in Resources */ = {isa = PBXBuildFile; fileRef = 089C167DFE841241C02AAC07 /* InfoPlist.strings */; };
		8D5B49B4048680CD000E48DA /* Cocoa.framework in Frameworks */ = {isa = PBXBuildFile; fileRef = 1058C7ADFEA557BF11CA2CBB /* Cocoa.framework */; };
		9328C9D8104AD9740024633F /* GrowlMailPreferencesPanel.xib in Resources */ = {isa = PBXBuildFile; fileRef = 9328C9D6104AD9740024633F /* GrowlMailPreferencesPanel.xib */; };
		934F4E6110284FD400B9DDC4 /* GrowlMailPreferences.m in Sources */ = {isa = PBXBuildFile; fileRef = 9553485E0732F93600D12875 /* GrowlMailPreferences.m */; };
		934F4E6210284FD400B9DDC4 /* GrowlMailPreferencesModule.m in Sources */ = {isa = PBXBuildFile; fileRef = 9553469D0732BD4800D12875 /* GrowlMailPreferencesModule.m */; };
		934F4E6310284FD400B9DDC4 /* Message+GrowlMail.m in Sources */ = {isa = PBXBuildFile; fileRef = 95BF5481072FB08000834811 /* Message+GrowlMail.m */; };
		934F4E6410284FD400B9DDC4 /* GrowlMail.m in Sources */ = {isa = PBXBuildFile; fileRef = 4B7E5EA306B6AC1700137892 /* GrowlMail.m */; };
		934F4E6510284FD400B9DDC4 /* GrowlMailNotifier.m in Sources */ = {isa = PBXBuildFile; fileRef = 31D72A860FB6DE5800C29D55 /* GrowlMailNotifier.m */; };
		93E712B613FF66950025D733 /* Sparkle.framework in CopyFiles */ = {isa = PBXBuildFile; fileRef = 93E712AB13FF66630025D733 /* Sparkle.framework */; };
		93E712B813FF674C0025D733 /* Growl.framework in Frameworks */ = {isa = PBXBuildFile; fileRef = 93E712B713FF674C0025D733 /* Growl.framework */; };
		93E712B913FF67610025D733 /* Growl.framework in CopyFiles */ = {isa = PBXBuildFile; fileRef = 93E712B713FF674C0025D733 /* Growl.framework */; };
		950A02480737CDD60075BDE4 /* Localizable.strings in Resources */ = {isa = PBXBuildFile; fileRef = 950A02470737CDD60075BDE4 /* Localizable.strings */; };
		953EE18E082CC7420040C586 /* AddressBook.framework in Frameworks */ = {isa = PBXBuildFile; fileRef = 953EE18D082CC7420040C586 /* AddressBook.framework */; };
		9550E7A5077A207E00436674 /* GrowlMail.png in Resources */ = {isa = PBXBuildFile; fileRef = 9550E79F077A207E00436674 /* GrowlMail.png */; };
/* End PBXBuildFile section */

/* Begin PBXContainerItemProxy section */
		93E712AA13FF66630025D733 /* PBXContainerItemProxy */ = {
			isa = PBXContainerItemProxy;
			containerPortal = 93E7129C13FF66620025D733 /* Sparkle.xcodeproj */;
			proxyType = 2;
			remoteGlobalIDString = 8DC2EF5B0486A6940098B216;
			remoteInfo = Sparkle;
		};
		93E712AC13FF66630025D733 /* PBXContainerItemProxy */ = {
			isa = PBXContainerItemProxy;
			containerPortal = 93E7129C13FF66620025D733 /* Sparkle.xcodeproj */;
			proxyType = 2;
			remoteGlobalIDString = 61B5F90209C4CEE200B25A18;
			remoteInfo = "Sparkle Test App";
		};
		93E712AE13FF66630025D733 /* PBXContainerItemProxy */ = {
			isa = PBXContainerItemProxy;
			containerPortal = 93E7129C13FF66620025D733 /* Sparkle.xcodeproj */;
			proxyType = 2;
			remoteGlobalIDString = DAAEFC960DA571DF0051E0D0;
			remoteInfo = "relaunch tool";
		};
		93E712B013FF66630025D733 /* PBXContainerItemProxy */ = {
			isa = PBXContainerItemProxy;
			containerPortal = 93E7129C13FF66620025D733 /* Sparkle.xcodeproj */;
			proxyType = 2;
			remoteGlobalIDString = 612279D90DB5470200AB99EA;
			remoteInfo = "Sparkle Unit Tests";
		};
		93E712B213FF66630025D733 /* PBXContainerItemProxy */ = {
			isa = PBXContainerItemProxy;
			containerPortal = 93E7129C13FF66620025D733 /* Sparkle.xcodeproj */;
			proxyType = 2;
			remoteGlobalIDString = 5D06E8D00FD68C7C005AE3F6;
			remoteInfo = BinaryDelta;
		};
		93E712B413FF66770025D733 /* PBXContainerItemProxy */ = {
			isa = PBXContainerItemProxy;
			containerPortal = 93E7129C13FF66620025D733 /* Sparkle.xcodeproj */;
			proxyType = 1;
			remoteGlobalIDString = 8DC2EF4F0486A6940098B216;
			remoteInfo = Sparkle;
		};
/* End PBXContainerItemProxy section */

/* Begin PBXCopyFilesBuildPhase section */
		07944BBB07C3C540002D0BAF /* CopyFiles */ = {
			isa = PBXCopyFilesBuildPhase;
			buildActionMask = 2147483647;
			dstPath = "";
			dstSubfolderSpec = 10;
			files = (
				93E712B613FF66950025D733 /* Sparkle.framework in CopyFiles */,
				93E712B913FF67610025D733 /* Growl.framework in CopyFiles */,
			);
			runOnlyForDeploymentPostprocessing = 0;
		};
/* End PBXCopyFilesBuildPhase section */

/* Begin PBXFileReference section */
		089C1672FE841209C02AAC07 /* Foundation.framework */ = {isa = PBXFileReference; lastKnownFileType = wrapper.framework; name = Foundation.framework; path = /System/Library/Frameworks/Foundation.framework; sourceTree = "<absolute>"; };
		089C167EFE841241C02AAC07 /* English */ = {isa = PBXFileReference; fileEncoding = 4; lastKnownFileType = text.plist.strings; name = English; path = English.lproj/InfoPlist.strings; sourceTree = "<group>"; };
		089C167FFE841241C02AAC07 /* AppKit.framework */ = {isa = PBXFileReference; lastKnownFileType = wrapper.framework; name = AppKit.framework; path = /System/Library/Frameworks/AppKit.framework; sourceTree = "<absolute>"; };
		1058C7ADFEA557BF11CA2CBB /* Cocoa.framework */ = {isa = PBXFileReference; lastKnownFileType = wrapper.framework; name = Cocoa.framework; path = /System/Library/Frameworks/Cocoa.framework; sourceTree = "<absolute>"; };
		31B94BEB1078255600A9EBC4 /* GrowlMail.icns */ = {isa = PBXFileReference; lastKnownFileType = image.icns; name = GrowlMail.icns; path = resources/GrowlMail.icns; sourceTree = "<group>"; };
		31D72A850FB6DE5800C29D55 /* GrowlMailNotifier.h */ = {isa = PBXFileReference; fileEncoding = 4; lastKnownFileType = sourcecode.c.h; name = GrowlMailNotifier.h; path = source/GrowlMailNotifier.h; sourceTree = "<group>"; };
		31D72A860FB6DE5800C29D55 /* GrowlMailNotifier.m */ = {isa = PBXFileReference; fileEncoding = 4; lastKnownFileType = sourcecode.c.objc; name = GrowlMailNotifier.m; path = source/GrowlMailNotifier.m; sourceTree = "<group>"; };
		34CD982C0C87C8AA0040C77F /* sv */ = {isa = PBXFileReference; lastKnownFileType = text.plist.strings; name = sv; path = sv.lproj/InfoPlist.strings; sourceTree = "<group>"; };
		34CD982D0C87C8AA0040C77F /* sv */ = {isa = PBXFileReference; lastKnownFileType = text.plist.strings; name = sv; path = sv.lproj/Localizable.strings; sourceTree = "<group>"; };
		34CD98AE0C87CA370040C77F /* nl */ = {isa = PBXFileReference; lastKnownFileType = text.plist.strings; name = nl; path = nl.lproj/InfoPlist.strings; sourceTree = "<group>"; };
		34CD98AF0C87CA370040C77F /* nl */ = {isa = PBXFileReference; lastKnownFileType = text.plist.strings; name = nl; path = nl.lproj/Localizable.strings; sourceTree = "<group>"; };
		34CD98B10C87CA590040C77F /* pt_BR */ = {isa = PBXFileReference; lastKnownFileType = text.plist.strings; name = pt_BR; path = pt_BR.lproj/InfoPlist.strings; sourceTree = "<group>"; };
		34CD98B20C87CA590040C77F /* pt_BR */ = {isa = PBXFileReference; lastKnownFileType = text.plist.strings; name = pt_BR; path = pt_BR.lproj/Localizable.strings; sourceTree = "<group>"; };
		34CF44E30C8D7E1100A2EFA4 /* ru */ = {isa = PBXFileReference; lastKnownFileType = text.plist.strings; name = ru; path = ru.lproj/InfoPlist.strings; sourceTree = "<group>"; };
		34CF44E40C8D7E1100A2EFA4 /* ru */ = {isa = PBXFileReference; lastKnownFileType = text.plist.strings; name = ru; path = ru.lproj/Localizable.strings; sourceTree = "<group>"; };
		4B2E729506B5776B00386BF2 /* Message.framework */ = {isa = PBXFileReference; lastKnownFileType = wrapper.framework; name = Message.framework; path = /System/Library/Frameworks/Message.framework; sourceTree = "<absolute>"; };
		4B7E5EA206B6AC1700137892 /* GrowlMail.h */ = {isa = PBXFileReference; fileEncoding = 4; lastKnownFileType = sourcecode.c.h; name = GrowlMail.h; path = source/GrowlMail.h; sourceTree = "<group>"; };
		4B7E5EA306B6AC1700137892 /* GrowlMail.m */ = {isa = PBXFileReference; fileEncoding = 4; lastKnownFileType = sourcecode.c.objc; name = GrowlMail.m; path = source/GrowlMail.m; sourceTree = "<group>"; };
		4BF8974D06B6A7EF00C30E88 /* MailHeaders.h */ = {isa = PBXFileReference; fileEncoding = 4; lastKnownFileType = sourcecode.c.h; name = MailHeaders.h; path = source/MailHeaders.h; sourceTree = "<group>"; };
		8D5B49B6048680CD000E48DA /* GrowlMail.mailbundle */ = {isa = PBXFileReference; explicitFileType = wrapper.cfbundle; includeInIndex = 0; path = GrowlMail.mailbundle; sourceTree = BUILT_PRODUCTS_DIR; };
		8D5B49B7048680CD000E48DA /* Info.plist */ = {isa = PBXFileReference; fileEncoding = 4; lastKnownFileType = text.plist.xml; name = Info.plist; path = resources/Info.plist; sourceTree = "<group>"; };
		9328C9D7104AD9740024633F /* English */ = {isa = PBXFileReference; lastKnownFileType = file.xib; name = English; path = English.lproj/GrowlMailPreferencesPanel.xib; sourceTree = "<group>"; };
		9328CA17104AE0E00024633F /* de */ = {isa = PBXFileReference; lastKnownFileType = file.xib; name = de; path = de.lproj/GrowlMailPreferencesPanel.xib; sourceTree = "<group>"; };
		9328CA18104AE0E40024633F /* fr */ = {isa = PBXFileReference; lastKnownFileType = file.xib; name = fr; path = fr.lproj/GrowlMailPreferencesPanel.xib; sourceTree = "<group>"; };
		9328CA19104AE0E80024633F /* ja */ = {isa = PBXFileReference; lastKnownFileType = file.xib; name = ja; path = ja.lproj/GrowlMailPreferencesPanel.xib; sourceTree = "<group>"; };
		9328CA1A104AE0EA0024633F /* nl */ = {isa = PBXFileReference; lastKnownFileType = file.xib; name = nl; path = nl.lproj/GrowlMailPreferencesPanel.xib; sourceTree = "<group>"; };
		9328CA1B104AE0EF0024633F /* pt_BR */ = {isa = PBXFileReference; lastKnownFileType = file.xib; name = pt_BR; path = pt_BR.lproj/GrowlMailPreferencesPanel.xib; sourceTree = "<group>"; };
		9328CA1C104AE0F50024633F /* ru */ = {isa = PBXFileReference; lastKnownFileType = file.xib; name = ru; path = ru.lproj/GrowlMailPreferencesPanel.xib; sourceTree = "<group>"; };
		9328CA1D104AE0F80024633F /* sv */ = {isa = PBXFileReference; lastKnownFileType = file.xib; name = sv; path = sv.lproj/GrowlMailPreferencesPanel.xib; sourceTree = "<group>"; };
		9328CA1E104AE0FC0024633F /* zh_CN */ = {isa = PBXFileReference; lastKnownFileType = file.xib; name = zh_CN; path = zh_CN.lproj/GrowlMailPreferencesPanel.xib; sourceTree = "<group>"; };
		93947E7F13C8D00900E29642 /* GrowlMail_Prefix.pch */ = {isa = PBXFileReference; fileEncoding = 4; lastKnownFileType = sourcecode.c.h; name = GrowlMail_Prefix.pch; path = source/GrowlMail_Prefix.pch; sourceTree = "<group>"; };
		93947E8313C8D04900E29642 /* Release.xcconfig */ = {isa = PBXFileReference; fileEncoding = 4; lastKnownFileType = text.xcconfig; name = Release.xcconfig; path = xcconfig/Release.xcconfig; sourceTree = "<group>"; };
		93947E8413C8D04900E29642 /* Localization.xcconfig */ = {isa = PBXFileReference; fileEncoding = 4; lastKnownFileType = text.xcconfig; name = Localization.xcconfig; path = xcconfig/Localization.xcconfig; sourceTree = "<group>"; };
		93947E8513C8D04900E29642 /* Debug.xcconfig */ = {isa = PBXFileReference; fileEncoding = 4; lastKnownFileType = text.xcconfig; name = Debug.xcconfig; path = xcconfig/Debug.xcconfig; sourceTree = "<group>"; };
		93947E8613C8D04900E29642 /* Common.xcconfig */ = {isa = PBXFileReference; fileEncoding = 4; lastKnownFileType = text.xcconfig; name = Common.xcconfig; path = xcconfig/Common.xcconfig; sourceTree = SOURCE_ROOT; };
		93E7129C13FF66620025D733 /* Sparkle.xcodeproj */ = {isa = PBXFileReference; lastKnownFileType = "wrapper.pb-project"; name = Sparkle.xcodeproj; path = externals/Sparkle/Sparkle.xcodeproj; sourceTree = "<group>"; };
		93E712B713FF674C0025D733 /* Growl.framework */ = {isa = PBXFileReference; lastKnownFileType = wrapper.framework; name = Growl.framework; path = externals/Growl/Release/Growl.framework; sourceTree = "<group>"; };
		950A023B0737CBDB0075BDE4 /* English */ = {isa = PBXFileReference; explicitFileType = text.xml; fileEncoding = 4; name = English; path = English.lproj/Localizable.strings; sourceTree = "<group>"; };
		950A02490737CDDA0075BDE4 /* de */ = {isa = PBXFileReference; explicitFileType = text.xml; fileEncoding = 4; name = de; path = de.lproj/Localizable.strings; sourceTree = "<group>"; };
		950DAC1A0737B0550096F066 /* de */ = {isa = PBXFileReference; lastKnownFileType = text.plist.strings; name = de; path = de.lproj/InfoPlist.strings; sourceTree = "<group>"; };
		953EE18D082CC7420040C586 /* AddressBook.framework */ = {isa = PBXFileReference; lastKnownFileType = wrapper.framework; name = AddressBook.framework; path = /System/Library/Frameworks/AddressBook.framework; sourceTree = "<absolute>"; };
		9550E79F077A207E00436674 /* GrowlMail.png */ = {isa = PBXFileReference; lastKnownFileType = image.png; name = GrowlMail.png; path = resources/GrowlMail.png; sourceTree = "<group>"; };
		9553469C0732BD4800D12875 /* GrowlMailPreferencesModule.h */ = {isa = PBXFileReference; fileEncoding = 4; lastKnownFileType = sourcecode.c.h; name = GrowlMailPreferencesModule.h; path = source/GrowlMailPreferencesModule.h; sourceTree = "<group>"; };
		9553469D0732BD4800D12875 /* GrowlMailPreferencesModule.m */ = {isa = PBXFileReference; fileEncoding = 4; lastKnownFileType = sourcecode.c.objc; name = GrowlMailPreferencesModule.m; path = source/GrowlMailPreferencesModule.m; sourceTree = "<group>"; };
		955347DE0732BFE200D12875 /* NSPreferencesModule.h */ = {isa = PBXFileReference; fileEncoding = 30; lastKnownFileType = sourcecode.c.h; name = NSPreferencesModule.h; path = source/NSPreferencesModule.h; sourceTree = "<group>"; };
		9553485D0732F93600D12875 /* GrowlMailPreferences.h */ = {isa = PBXFileReference; fileEncoding = 4; lastKnownFileType = sourcecode.c.h; name = GrowlMailPreferences.h; path = source/GrowlMailPreferences.h; sourceTree = "<group>"; };
		9553485E0732F93600D12875 /* GrowlMailPreferences.m */ = {isa = PBXFileReference; fileEncoding = 4; lastKnownFileType = sourcecode.c.objc; name = GrowlMailPreferences.m; path = source/GrowlMailPreferences.m; sourceTree = "<group>"; };
		955348660732FA2500D12875 /* NSPreferences.h */ = {isa = PBXFileReference; fileEncoding = 4; lastKnownFileType = sourcecode.c.h; name = NSPreferences.h; path = source/NSPreferences.h; sourceTree = "<group>"; };
		9556E69907F4354600D42745 /* ja */ = {isa = PBXFileReference; fileEncoding = 4; lastKnownFileType = text.xml; name = ja; path = ja.lproj/Localizable.strings; sourceTree = "<group>"; };
		955A4E23086175AD009B6EA5 /* fr */ = {isa = PBXFileReference; lastKnownFileType = text.xml; name = fr; path = fr.lproj/Localizable.strings; sourceTree = "<group>"; };
		955A4E24086175B6009B6EA5 /* fr */ = {isa = PBXFileReference; lastKnownFileType = text.plist.strings; name = fr; path = fr.lproj/InfoPlist.strings; sourceTree = "<group>"; };
		95B00A56084689D0004A8623 /* zh_CN */ = {isa = PBXFileReference; fileEncoding = 4; lastKnownFileType = text.xml; name = zh_CN; path = zh_CN.lproj/Localizable.strings; sourceTree = "<group>"; };
		95BF5480072FB08000834811 /* Message+GrowlMail.h */ = {isa = PBXFileReference; fileEncoding = 4; lastKnownFileType = sourcecode.c.h; name = "Message+GrowlMail.h"; path = "source/Message+GrowlMail.h"; sourceTree = "<group>"; };
		95BF5481072FB08000834811 /* Message+GrowlMail.m */ = {isa = PBXFileReference; fileEncoding = 4; lastKnownFileType = sourcecode.c.objc; name = "Message+GrowlMail.m"; path = "source/Message+GrowlMail.m"; sourceTree = "<group>"; };
/* End PBXFileReference section */

/* Begin PBXFrameworksBuildPhase section */
		8D5B49B3048680CD000E48DA /* Frameworks */ = {
			isa = PBXFrameworksBuildPhase;
			buildActionMask = 2147483647;
			files = (
				8D5B49B4048680CD000E48DA /* Cocoa.framework in Frameworks */,
				4B2E729606B5776B00386BF2 /* Message.framework in Frameworks */,
				953EE18E082CC7420040C586 /* AddressBook.framework in Frameworks */,
				93E712B813FF674C0025D733 /* Growl.framework in Frameworks */,
			);
			runOnlyForDeploymentPostprocessing = 0;
		};
/* End PBXFrameworksBuildPhase section */

/* Begin PBXGroup section */
		089C166AFE841209C02AAC07 /* MailGrowl */ = {
			isa = PBXGroup;
			children = (
				93E7129A13FF66560025D733 /* externals */,
				93947E8213C8D03A00E29642 /* xcconfigs */,
				955347E10732BFEF00D12875 /* PrivateHeaders */,
				08FB77AFFE84173DC02AAC07 /* Classes */,
				089C167CFE841241C02AAC07 /* Resources */,
				089C1671FE841209C02AAC07 /* Frameworks and Libraries */,
				19C28FB8FE9D52D311CA2CBB /* Products */,
			);
			name = MailGrowl;
			sourceTree = "<group>";
		};
		089C1671FE841209C02AAC07 /* Frameworks and Libraries */ = {
			isa = PBXGroup;
			children = (
				1058C7ACFEA557BF11CA2CBB /* Linked Frameworks */,
				1058C7AEFEA557BF11CA2CBB /* Other Frameworks */,
			);
			name = "Frameworks and Libraries";
			sourceTree = "<group>";
		};
		089C167CFE841241C02AAC07 /* Resources */ = {
			isa = PBXGroup;
			children = (
				9550E79F077A207E00436674 /* GrowlMail.png */,
				950A02470737CDD60075BDE4 /* Localizable.strings */,
				9328C9D6104AD9740024633F /* GrowlMailPreferencesPanel.xib */,
				31B94BEB1078255600A9EBC4 /* GrowlMail.icns */,
				8D5B49B7048680CD000E48DA /* Info.plist */,
				089C167DFE841241C02AAC07 /* InfoPlist.strings */,
			);
			name = Resources;
			sourceTree = "<group>";
		};
		08FB77AFFE84173DC02AAC07 /* Classes */ = {
			isa = PBXGroup;
			children = (
				93947E9B13C8D27800E29642 /* Core */,
				93947E9A13C8D26A00E29642 /* Swizzle */,
				93947E9913C8D25C00E29642 /* Preferences */,
				93947E7F13C8D00900E29642 /* GrowlMail_Prefix.pch */,
			);
			name = Classes;
			sourceTree = "<group>";
		};
		1058C7ACFEA557BF11CA2CBB /* Linked Frameworks */ = {
			isa = PBXGroup;
			children = (
				953EE18D082CC7420040C586 /* AddressBook.framework */,
				4B2E729506B5776B00386BF2 /* Message.framework */,
				1058C7ADFEA557BF11CA2CBB /* Cocoa.framework */,
			);
			name = "Linked Frameworks";
			sourceTree = "<group>";
		};
		1058C7AEFEA557BF11CA2CBB /* Other Frameworks */ = {
			isa = PBXGroup;
			children = (
				089C1672FE841209C02AAC07 /* Foundation.framework */,
				089C167FFE841241C02AAC07 /* AppKit.framework */,
			);
			name = "Other Frameworks";
			sourceTree = "<group>";
		};
		19C28FB8FE9D52D311CA2CBB /* Products */ = {
			isa = PBXGroup;
			children = (
				8D5B49B6048680CD000E48DA /* GrowlMail.mailbundle */,
			);
			name = Products;
			sourceTree = "<group>";
		};
		93947E8213C8D03A00E29642 /* xcconfigs */ = {
			isa = PBXGroup;
			children = (
				93947E8313C8D04900E29642 /* Release.xcconfig */,
				93947E8413C8D04900E29642 /* Localization.xcconfig */,
				93947E8513C8D04900E29642 /* Debug.xcconfig */,
				93947E8613C8D04900E29642 /* Common.xcconfig */,
			);
			name = xcconfigs;
			sourceTree = "<group>";
		};
		93947E9913C8D25C00E29642 /* Preferences */ = {
			isa = PBXGroup;
			children = (
				9553485D0732F93600D12875 /* GrowlMailPreferences.h */,
				9553485E0732F93600D12875 /* GrowlMailPreferences.m */,
				9553469C0732BD4800D12875 /* GrowlMailPreferencesModule.h */,
				9553469D0732BD4800D12875 /* GrowlMailPreferencesModule.m */,
			);
			name = Preferences;
			sourceTree = "<group>";
		};
		93947E9A13C8D26A00E29642 /* Swizzle */ = {
			isa = PBXGroup;
			children = (
				95BF5480072FB08000834811 /* Message+GrowlMail.h */,
				95BF5481072FB08000834811 /* Message+GrowlMail.m */,
			);
			name = Swizzle;
			sourceTree = "<group>";
		};
		93947E9B13C8D27800E29642 /* Core */ = {
			isa = PBXGroup;
			children = (
				4B7E5EA206B6AC1700137892 /* GrowlMail.h */,
				4B7E5EA306B6AC1700137892 /* GrowlMail.m */,
				31D72A850FB6DE5800C29D55 /* GrowlMailNotifier.h */,
				31D72A860FB6DE5800C29D55 /* GrowlMailNotifier.m */,
			);
			name = Core;
			sourceTree = "<group>";
		};
		93E7129A13FF66560025D733 /* externals */ = {
			isa = PBXGroup;
			children = (
				93E712B713FF674C0025D733 /* Growl.framework */,
				93E7129C13FF66620025D733 /* Sparkle.xcodeproj */,
			);
			name = externals;
			sourceTree = "<group>";
		};
		93E7129D13FF66620025D733 /* Products */ = {
			isa = PBXGroup;
			children = (
				93E712AB13FF66630025D733 /* Sparkle.framework */,
				93E712AD13FF66630025D733 /* Sparkle Test App.app */,
				93E712AF13FF66630025D733 /* relaunch */,
				93E712B113FF66630025D733 /* Sparkle Unit Tests.octest */,
				93E712B313FF66630025D733 /* BinaryDelta */,
			);
			name = Products;
			sourceTree = "<group>";
		};
		955347E10732BFEF00D12875 /* PrivateHeaders */ = {
			isa = PBXGroup;
			children = (
				955348660732FA2500D12875 /* NSPreferences.h */,
				4BF8974D06B6A7EF00C30E88 /* MailHeaders.h */,
				955347DE0732BFE200D12875 /* NSPreferencesModule.h */,
			);
			name = PrivateHeaders;
			sourceTree = "<group>";
		};
/* End PBXGroup section */

/* Begin PBXNativeTarget section */
		8D5B49AC048680CD000E48DA /* GrowlMail */ = {
			isa = PBXNativeTarget;
			buildConfigurationList = 95E4A35E0855C16F006B3F45 /* Build configuration list for PBXNativeTarget "GrowlMail" */;
			buildPhases = (
				8D5B49AF048680CD000E48DA /* Resources */,
				07944BBB07C3C540002D0BAF /* CopyFiles */,
				8D5B49B1048680CD000E48DA /* Sources */,
				8D5B49B3048680CD000E48DA /* Frameworks */,
				935AC2DB1024C1C700BFD7F2 /* ShellScript */,
				310EE298107661310070CD78 /* Set Bundle Bit */,
				310BAD8D1078272800741E3D /* Set Custom Icon */,
			);
			buildRules = (
			);
			dependencies = (
				93E712B513FF66770025D733 /* PBXTargetDependency */,
			);
			name = GrowlMail;
			productInstallPath = "$(HOME)/Library/Bundles";
			productName = MailGrowl;
			productReference = 8D5B49B6048680CD000E48DA /* GrowlMail.mailbundle */;
			productType = "com.apple.product-type.bundle";
		};
/* End PBXNativeTarget section */

/* Begin PBXProject section */
		089C1669FE841209C02AAC07 /* Project object */ = {
			isa = PBXProject;
			attributes = {
				LastUpgradeCheck = 0410;
			};
			buildConfigurationList = 95E4A3630855C16F006B3F45 /* Build configuration list for PBXProject "GrowlMail" */;
			compatibilityVersion = "Xcode 3.2";
			developmentRegion = English;
			hasScannedForEncodings = 1;
			knownRegions = (
				English,
				ja,
				fr,
				de,
				zh_CN,
				nl,
				sv,
				nl,
				pt_BR,
				ru,
			);
			mainGroup = 089C166AFE841209C02AAC07 /* MailGrowl */;
			projectDirPath = "";
			projectReferences = (
				{
					ProductGroup = 93E7129D13FF66620025D733 /* Products */;
					ProjectRef = 93E7129C13FF66620025D733 /* Sparkle.xcodeproj */;
				},
			);
			projectRoot = "";
			targets = (
				8D5B49AC048680CD000E48DA /* GrowlMail */,
			);
		};
/* End PBXProject section */

/* Begin PBXReferenceProxy section */
		93E712AB13FF66630025D733 /* Sparkle.framework */ = {
			isa = PBXReferenceProxy;
			fileType = wrapper.framework;
			path = Sparkle.framework;
			remoteRef = 93E712AA13FF66630025D733 /* PBXContainerItemProxy */;
			sourceTree = BUILT_PRODUCTS_DIR;
		};
		93E712AD13FF66630025D733 /* Sparkle Test App.app */ = {
			isa = PBXReferenceProxy;
			fileType = wrapper.application;
			path = "Sparkle Test App.app";
			remoteRef = 93E712AC13FF66630025D733 /* PBXContainerItemProxy */;
			sourceTree = BUILT_PRODUCTS_DIR;
		};
		93E712AF13FF66630025D733 /* relaunch */ = {
			isa = PBXReferenceProxy;
			fileType = "compiled.mach-o.executable";
			path = relaunch;
			remoteRef = 93E712AE13FF66630025D733 /* PBXContainerItemProxy */;
			sourceTree = BUILT_PRODUCTS_DIR;
		};
		93E712B113FF66630025D733 /* Sparkle Unit Tests.octest */ = {
			isa = PBXReferenceProxy;
			fileType = wrapper.cfbundle;
			path = "Sparkle Unit Tests.octest";
			remoteRef = 93E712B013FF66630025D733 /* PBXContainerItemProxy */;
			sourceTree = BUILT_PRODUCTS_DIR;
		};
		93E712B313FF66630025D733 /* BinaryDelta */ = {
			isa = PBXReferenceProxy;
			fileType = "compiled.mach-o.executable";
			path = BinaryDelta;
			remoteRef = 93E712B213FF66630025D733 /* PBXContainerItemProxy */;
			sourceTree = BUILT_PRODUCTS_DIR;
		};
/* End PBXReferenceProxy section */

/* Begin PBXResourcesBuildPhase section */
		8D5B49AF048680CD000E48DA /* Resources */ = {
			isa = PBXResourcesBuildPhase;
			buildActionMask = 2147483647;
			files = (
				8D5B49B0048680CD000E48DA /* InfoPlist.strings in Resources */,
				950A02480737CDD60075BDE4 /* Localizable.strings in Resources */,
				9550E7A5077A207E00436674 /* GrowlMail.png in Resources */,
				9328C9D8104AD9740024633F /* GrowlMailPreferencesPanel.xib in Resources */,
				31B94BEC1078255600A9EBC4 /* GrowlMail.icns in Resources */,
			);
			runOnlyForDeploymentPostprocessing = 0;
		};
/* End PBXResourcesBuildPhase section */

/* Begin PBXShellScriptBuildPhase section */
		310BAD8D1078272800741E3D /* Set Custom Icon */ = {
			isa = PBXShellScriptBuildPhase;
			buildActionMask = 2147483647;
			files = (
			);
			inputPaths = (
				"$(BUILT_PRODUCTS_DIR)/$(UNLOCALIZED_RESOURCES_FOLDER_PATH)/GrowlMail.icns",
			);
			name = "Set Custom Icon";
			outputPaths = (
				"$(BUILT_PRODUCTS_DIR)/$(WRAPPER_NAME)/Icon",
			);
			runOnlyForDeploymentPostprocessing = 0;
			shellPath = /bin/sh;
			shellScript = "if [[ -d \"${DERIVED_FILE_DIR}\" ]]; then\n\ttrue\nelse\n\tmkdir \"${DERIVED_FILE_DIR}\"\nfi\nrez_file=\"${DERIVED_FILE_DIR}/GrowlMail.icns.r\"\nicon_file=\"${BUILT_PRODUCTS_DIR}/${WRAPPER_NAME}/Icon\"$'\\r'\n\necho \"Data 'icns' (-16455) {\" > \"$rez_file\"\nxxd -plain -c35 < \"${BUILT_PRODUCTS_DIR}/${UNLOCALIZED_RESOURCES_FOLDER_PATH}/GrowlMail.icns\" | sed 's/.*/$\"&\"/' >> \"$rez_file\"\necho \"};\" >> \"$rez_file\"\n\nRez -useDF \"$rez_file\" -o \"$icon_file\"\nSetFile -a V \"$icon_file\"\nSetFile -a C \"${BUILT_PRODUCTS_DIR}/${WRAPPER_NAME}\"";
		};
		310EE298107661310070CD78 /* Set Bundle Bit */ = {
			isa = PBXShellScriptBuildPhase;
			buildActionMask = 2147483647;
			files = (
			);
			inputPaths = (
				"$(BUILT_PRODUCTS_DIR)/$(WRAPPER_NAME)",
			);
			name = "Set Bundle Bit";
			outputPaths = (
			);
			runOnlyForDeploymentPostprocessing = 0;
			shellPath = /bin/sh;
			shellScript = "SetFile -a B \"${BUILT_PRODUCTS_DIR}/${WRAPPER_NAME}\"";
		};
		935AC2DB1024C1C700BFD7F2 /* ShellScript */ = {
			isa = PBXShellScriptBuildPhase;
			buildActionMask = 2147483647;
			files = (
			);
			inputPaths = (
			);
			outputPaths = (
			);
			runOnlyForDeploymentPostprocessing = 0;
			shellPath = /bin/sh;
			shellScript = "install_name_tool -change \"@executable_path/../Frameworks/Growl.framework/Versions/A/Growl\" \"@loader_path/../Frameworks/Growl.framework/Versions/A/Growl\" $BUILT_PRODUCTS_DIR/$EXECUTABLE_PATH\n\ninstall_name_tool -id \"@loader_path/../Frameworks/Growl.framework/Versions/A/Growl\" $BUILT_PRODUCTS_DIR/$FULL_PRODUCT_NAME/Contents/Frameworks/Growl.framework/Growl";
			showEnvVarsInLog = 0;
		};
/* End PBXShellScriptBuildPhase section */

/* Begin PBXSourcesBuildPhase section */
		8D5B49B1048680CD000E48DA /* Sources */ = {
			isa = PBXSourcesBuildPhase;
			buildActionMask = 2147483647;
			files = (
				934F4E6110284FD400B9DDC4 /* GrowlMailPreferences.m in Sources */,
				934F4E6210284FD400B9DDC4 /* GrowlMailPreferencesModule.m in Sources */,
				934F4E6310284FD400B9DDC4 /* Message+GrowlMail.m in Sources */,
				934F4E6410284FD400B9DDC4 /* GrowlMail.m in Sources */,
				934F4E6510284FD400B9DDC4 /* GrowlMailNotifier.m in Sources */,
			);
			runOnlyForDeploymentPostprocessing = 0;
		};
/* End PBXSourcesBuildPhase section */

/* Begin PBXTargetDependency section */
		93E712B513FF66770025D733 /* PBXTargetDependency */ = {
			isa = PBXTargetDependency;
			name = Sparkle;
			targetProxy = 93E712B413FF66770025D733 /* PBXContainerItemProxy */;
		};
/* End PBXTargetDependency section */

/* Begin PBXVariantGroup section */
		089C167DFE841241C02AAC07 /* InfoPlist.strings */ = {
			isa = PBXVariantGroup;
			children = (
				089C167EFE841241C02AAC07 /* English */,
				950DAC1A0737B0550096F066 /* de */,
				955A4E24086175B6009B6EA5 /* fr */,
				34CD982C0C87C8AA0040C77F /* sv */,
				34CD98AE0C87CA370040C77F /* nl */,
				34CD98B10C87CA590040C77F /* pt_BR */,
				34CF44E30C8D7E1100A2EFA4 /* ru */,
			);
			name = InfoPlist.strings;
			path = resources;
			sourceTree = "<group>";
		};
		9328C9D6104AD9740024633F /* GrowlMailPreferencesPanel.xib */ = {
			isa = PBXVariantGroup;
			children = (
				9328C9D7104AD9740024633F /* English */,
				9328CA17104AE0E00024633F /* de */,
				9328CA18104AE0E40024633F /* fr */,
				9328CA19104AE0E80024633F /* ja */,
				9328CA1A104AE0EA0024633F /* nl */,
				9328CA1B104AE0EF0024633F /* pt_BR */,
				9328CA1C104AE0F50024633F /* ru */,
				9328CA1D104AE0F80024633F /* sv */,
				9328CA1E104AE0FC0024633F /* zh_CN */,
			);
			name = GrowlMailPreferencesPanel.xib;
			path = resources;
			sourceTree = "<group>";
		};
		950A02470737CDD60075BDE4 /* Localizable.strings */ = {
			isa = PBXVariantGroup;
			children = (
				950A023B0737CBDB0075BDE4 /* English */,
				950A02490737CDDA0075BDE4 /* de */,
				9556E69907F4354600D42745 /* ja */,
				95B00A56084689D0004A8623 /* zh_CN */,
				955A4E23086175AD009B6EA5 /* fr */,
				34CD982D0C87C8AA0040C77F /* sv */,
				34CD98AF0C87CA370040C77F /* nl */,
				34CD98B20C87CA590040C77F /* pt_BR */,
				34CF44E40C8D7E1100A2EFA4 /* ru */,
			);
			name = Localizable.strings;
			path = resources;
			sourceTree = "<group>";
		};
/* End PBXVariantGroup section */

/* Begin XCBuildConfiguration section */
		315C887B1068F96700880530 /* Localization */ = {
			isa = XCBuildConfiguration;
			buildSettings = {
			};
			name = Localization;
		};
		315C887C1068F96700880530 /* Localization */ = {
			isa = XCBuildConfiguration;
			baseConfigurationReference = 93947E8413C8D04900E29642 /* Localization.xcconfig */;
			buildSettings = {
				ARCHS = "$(ARCHS_STANDARD_32_64_BIT)";
				FRAMEWORK_SEARCH_PATHS = (
					"$(inherited)",
					"\"$(SRCROOT)/build/Debug\"",
					"\"$(SRCROOT)/externals/Growl/Release\"",
					"\"$(SRCROOT)/externals/Sparkle/build/$(CONFIGURATION)\"",
				);
			};
			name = Localization;
		};
		95E4A35F0855C16F006B3F45 /* Debug */ = {
			isa = XCBuildConfiguration;
			baseConfigurationReference = 93947E8513C8D04900E29642 /* Debug.xcconfig */;
			buildSettings = {
				ARCHS = "$(ARCHS_STANDARD_32_64_BIT)";
				FRAMEWORK_SEARCH_PATHS = (
					"$(inherited)",
					"\"$(SRCROOT)/build/Debug\"",
					"\"$(SRCROOT)/externals/Growl/Release\"",
					"\"$(SRCROOT)/externals/Sparkle/build/$(CONFIGURATION)\"",
				);
				GCC_PREPROCESSOR_DEFINITIONS = GROWL_MAIL_DEBUG;
			};
			name = Debug;
		};
		95E4A3600855C16F006B3F45 /* Release */ = {
			isa = XCBuildConfiguration;
			baseConfigurationReference = 93947E8313C8D04900E29642 /* Release.xcconfig */;
			buildSettings = {
				ARCHS = "$(ARCHS_STANDARD_32_64_BIT)";
				FRAMEWORK_SEARCH_PATHS = (
					"$(inherited)",
					"\"$(SRCROOT)/build/Debug\"",
					"\"$(SRCROOT)/externals/Growl/Release\"",
					"\"$(SRCROOT)/externals/Sparkle/build/$(CONFIGURATION)\"",
				);
			};
			name = Release;
		};
		95E4A3640855C16F006B3F45 /* Debug */ = {
			isa = XCBuildConfiguration;
			buildSettings = {
			};
			name = Debug;
		};
		95E4A3650855C16F006B3F45 /* Release */ = {
			isa = XCBuildConfiguration;
			buildSettings = {
			};
			name = Release;
		};
/* End XCBuildConfiguration section */

/* Begin XCConfigurationList section */
		95E4A35E0855C16F006B3F45 /* Build configuration list for PBXNativeTarget "GrowlMail" */ = {
			isa = XCConfigurationList;
			buildConfigurations = (
				95E4A35F0855C16F006B3F45 /* Debug */,
				315C887C1068F96700880530 /* Localization */,
				95E4A3600855C16F006B3F45 /* Release */,
			);
			defaultConfigurationIsVisible = 0;
			defaultConfigurationName = Debug;
		};
		95E4A3630855C16F006B3F45 /* Build configuration list for PBXProject "GrowlMail" */ = {
			isa = XCConfigurationList;
			buildConfigurations = (
				95E4A3640855C16F006B3F45 /* Debug */,
				315C887B1068F96700880530 /* Localization */,
				95E4A3650855C16F006B3F45 /* Release */,
			);
			defaultConfigurationIsVisible = 0;
			defaultConfigurationName = Debug;
		};
/* End XCConfigurationList section */
	};
	rootObject = 089C1669FE841209C02AAC07 /* Project object */;
}
